// !$*UTF8*$!
{
	archiveVersion = 1;
	classes = {
	};
	objectVersion = 56;
	objects = {

/* Begin PBXBuildFile section */
		27FC08DD2B50F10E003550DC /* AppDelegate.swift in Sources */ = {isa = PBXBuildFile; fileRef = 27FC08DC2B50F10E003550DC /* AppDelegate.swift */; };
		27FC08DF2B50F10E003550DC /* SceneDelegate.swift in Sources */ = {isa = PBXBuildFile; fileRef = 27FC08DE2B50F10E003550DC /* SceneDelegate.swift */; };
		27FC08E12B50F10E003550DC /* RMTabBarController.swift in Sources */ = {isa = PBXBuildFile; fileRef = 27FC08E02B50F10E003550DC /* RMTabBarController.swift */; };
		27FC08E62B50F111003550DC /* Assets.xcassets in Resources */ = {isa = PBXBuildFile; fileRef = 27FC08E52B50F111003550DC /* Assets.xcassets */; };
		27FC08E92B50F111003550DC /* LaunchScreen.storyboard in Resources */ = {isa = PBXBuildFile; fileRef = 27FC08E72B50F111003550DC /* LaunchScreen.storyboard */; };
		27FC08F82B50F71E003550DC /* RMLocation.swift in Sources */ = {isa = PBXBuildFile; fileRef = 27FC08F72B50F71E003550DC /* RMLocation.swift */; };
		27FC08FA2B50F733003550DC /* RMCharactor.swift in Sources */ = {isa = PBXBuildFile; fileRef = 27FC08F92B50F733003550DC /* RMCharactor.swift */; };
		27FC08FC2B50F741003550DC /* RMEpisode.swift in Sources */ = {isa = PBXBuildFile; fileRef = 27FC08FB2B50F741003550DC /* RMEpisode.swift */; };
		27FC08FF2B50F80E003550DC /* RMCharacterViewController.swift in Sources */ = {isa = PBXBuildFile; fileRef = 27FC08FE2B50F80E003550DC /* RMCharacterViewController.swift */; };
		27FC09012B50F831003550DC /* RMLocationViewController.swift in Sources */ = {isa = PBXBuildFile; fileRef = 27FC09002B50F831003550DC /* RMLocationViewController.swift */; };
		27FC09032B50F849003550DC /* RMEpisodeViewController.swift in Sources */ = {isa = PBXBuildFile; fileRef = 27FC09022B50F849003550DC /* RMEpisodeViewController.swift */; };
		27FC09052B50F86A003550DC /* RMSettingsViewController.swift in Sources */ = {isa = PBXBuildFile; fileRef = 27FC09042B50F86A003550DC /* RMSettingsViewController.swift */; };
/* End PBXBuildFile section */

/* Begin PBXFileReference section */
		27FC08D92B50F10E003550DC /* RickAndMorty.app */ = {isa = PBXFileReference; explicitFileType = wrapper.application; includeInIndex = 0; path = RickAndMorty.app; sourceTree = BUILT_PRODUCTS_DIR; };
		27FC08DC2B50F10E003550DC /* AppDelegate.swift */ = {isa = PBXFileReference; lastKnownFileType = sourcecode.swift; path = AppDelegate.swift; sourceTree = "<group>"; };
		27FC08DE2B50F10E003550DC /* SceneDelegate.swift */ = {isa = PBXFileReference; lastKnownFileType = sourcecode.swift; path = SceneDelegate.swift; sourceTree = "<group>"; };
		27FC08E02B50F10E003550DC /* RMTabBarController.swift */ = {isa = PBXFileReference; lastKnownFileType = sourcecode.swift; path = RMTabBarController.swift; sourceTree = "<group>"; };
		27FC08E52B50F111003550DC /* Assets.xcassets */ = {isa = PBXFileReference; lastKnownFileType = folder.assetcatalog; path = Assets.xcassets; sourceTree = "<group>"; };
		27FC08E82B50F111003550DC /* Base */ = {isa = PBXFileReference; lastKnownFileType = file.storyboard; name = Base; path = Base.lproj/LaunchScreen.storyboard; sourceTree = "<group>"; };
		27FC08EA2B50F111003550DC /* Info.plist */ = {isa = PBXFileReference; lastKnownFileType = text.plist.xml; path = Info.plist; sourceTree = "<group>"; };
		27FC08F72B50F71E003550DC /* RMLocation.swift */ = {isa = PBXFileReference; lastKnownFileType = sourcecode.swift; path = RMLocation.swift; sourceTree = "<group>"; };
		27FC08F92B50F733003550DC /* RMCharactor.swift */ = {isa = PBXFileReference; lastKnownFileType = sourcecode.swift; path = RMCharactor.swift; sourceTree = "<group>"; };
		27FC08FB2B50F741003550DC /* RMEpisode.swift */ = {isa = PBXFileReference; lastKnownFileType = sourcecode.swift; path = RMEpisode.swift; sourceTree = "<group>"; };
		27FC08FE2B50F80E003550DC /* RMCharacterViewController.swift */ = {isa = PBXFileReference; lastKnownFileType = sourcecode.swift; path = RMCharacterViewController.swift; sourceTree = "<group>"; };
		27FC09002B50F831003550DC /* RMLocationViewController.swift */ = {isa = PBXFileReference; lastKnownFileType = sourcecode.swift; path = RMLocationViewController.swift; sourceTree = "<group>"; };
		27FC09022B50F849003550DC /* RMEpisodeViewController.swift */ = {isa = PBXFileReference; lastKnownFileType = sourcecode.swift; path = RMEpisodeViewController.swift; sourceTree = "<group>"; };
		27FC09042B50F86A003550DC /* RMSettingsViewController.swift */ = {isa = PBXFileReference; lastKnownFileType = sourcecode.swift; path = RMSettingsViewController.swift; sourceTree = "<group>"; };
/* End PBXFileReference section */

/* Begin PBXFrameworksBuildPhase section */
		27FC08D62B50F10E003550DC /* Frameworks */ = {
			isa = PBXFrameworksBuildPhase;
			buildActionMask = 2147483647;
			files = (
			);
			runOnlyForDeploymentPostprocessing = 0;
		};
/* End PBXFrameworksBuildPhase section */

/* Begin PBXGroup section */
		27FC08D02B50F10E003550DC = {
			isa = PBXGroup;
			children = (
				27FC08DB2B50F10E003550DC /* RickAndMorty */,
				27FC08DA2B50F10E003550DC /* Products */,
			);
			sourceTree = "<group>";
		};
		27FC08DA2B50F10E003550DC /* Products */ = {
			isa = PBXGroup;
			children = (
				27FC08D92B50F10E003550DC /* RickAndMorty.app */,
			);
			name = Products;
			sourceTree = "<group>";
		};
		27FC08DB2B50F10E003550DC /* RickAndMorty */ = {
			isa = PBXGroup;
			children = (
				27FC08F62B50F61E003550DC /* Resources */,
				27FC08F52B50F611003550DC /* Managers */,
				27FC08F42B50F5F5003550DC /* APIClient */,
				27FC08F32B50F5DE003550DC /* ViewModels */,
				27FC08F22B50F5D1003550DC /* Models */,
				27FC08F12B50F5CA003550DC /* Views */,
				27FC08F02B50F5AE003550DC /* Controllers */,
				27FC08EA2B50F111003550DC /* Info.plist */,
			);
			path = RickAndMorty;
			sourceTree = "<group>";
		};
		27FC08F02B50F5AE003550DC /* Controllers */ = {
			isa = PBXGroup;
			children = (
				27FC08FD2B50F7BF003550DC /* Core */,
			);
			path = Controllers;
			sourceTree = "<group>";
		};
		27FC08F12B50F5CA003550DC /* Views */ = {
			isa = PBXGroup;
			children = (
			);
			path = Views;
			sourceTree = "<group>";
		};
		27FC08F22B50F5D1003550DC /* Models */ = {
			isa = PBXGroup;
			children = (
				27FC08F72B50F71E003550DC /* RMLocation.swift */,
				27FC08F92B50F733003550DC /* RMCharactor.swift */,
				27FC08FB2B50F741003550DC /* RMEpisode.swift */,
			);
			path = Models;
			sourceTree = "<group>";
		};
		27FC08F32B50F5DE003550DC /* ViewModels */ = {
			isa = PBXGroup;
			children = (
			);
			path = ViewModels;
			sourceTree = "<group>";
		};
		27FC08F42B50F5F5003550DC /* APIClient */ = {
			isa = PBXGroup;
			children = (
			);
			path = APIClient;
			sourceTree = "<group>";
		};
		27FC08F52B50F611003550DC /* Managers */ = {
			isa = PBXGroup;
			children = (
			);
			path = Managers;
			sourceTree = "<group>";
		};
		27FC08F62B50F61E003550DC /* Resources */ = {
			isa = PBXGroup;
			children = (
				27FC08E52B50F111003550DC /* Assets.xcassets */,
				27FC08E72B50F111003550DC /* LaunchScreen.storyboard */,
				27FC08DC2B50F10E003550DC /* AppDelegate.swift */,
				27FC08DE2B50F10E003550DC /* SceneDelegate.swift */,
			);
			path = Resources;
			sourceTree = "<group>";
		};
		27FC08FD2B50F7BF003550DC /* Core */ = {
			isa = PBXGroup;
			children = (
				27FC08E02B50F10E003550DC /* RMTabBarController.swift */,
				27FC08FE2B50F80E003550DC /* RMCharacterViewController.swift */,
				27FC09002B50F831003550DC /* RMLocationViewController.swift */,
				27FC09022B50F849003550DC /* RMEpisodeViewController.swift */,
				27FC09042B50F86A003550DC /* RMSettingsViewController.swift */,
			);
			path = Core;
			sourceTree = "<group>";
		};
/* End PBXGroup section */

/* Begin PBXNativeTarget section */
		27FC08D82B50F10E003550DC /* RickAndMorty */ = {
			isa = PBXNativeTarget;
			buildConfigurationList = 27FC08ED2B50F111003550DC /* Build configuration list for PBXNativeTarget "RickAndMorty" */;
			buildPhases = (
				27FC08D52B50F10E003550DC /* Sources */,
				27FC08D62B50F10E003550DC /* Frameworks */,
				27FC08D72B50F10E003550DC /* Resources */,
			);
			buildRules = (
			);
			dependencies = (
			);
			name = RickAndMorty;
			productName = RickAndMorty;
			productReference = 27FC08D92B50F10E003550DC /* RickAndMorty.app */;
			productType = "com.apple.product-type.application";
		};
/* End PBXNativeTarget section */

/* Begin PBXProject section */
		27FC08D12B50F10E003550DC /* Project object */ = {
			isa = PBXProject;
			attributes = {
				BuildIndependentTargetsInParallel = 1;
				LastSwiftUpdateCheck = 1430;
				LastUpgradeCheck = 1430;
				TargetAttributes = {
					27FC08D82B50F10E003550DC = {
						CreatedOnToolsVersion = 14.3.1;
					};
				};
			};
			buildConfigurationList = 27FC08D42B50F10E003550DC /* Build configuration list for PBXProject "RickAndMorty" */;
			compatibilityVersion = "Xcode 14.0";
			developmentRegion = en;
			hasScannedForEncodings = 0;
			knownRegions = (
				en,
				Base,
			);
			mainGroup = 27FC08D02B50F10E003550DC;
			productRefGroup = 27FC08DA2B50F10E003550DC /* Products */;
			projectDirPath = "";
			projectRoot = "";
			targets = (
				27FC08D82B50F10E003550DC /* RickAndMorty */,
			);
		};
/* End PBXProject section */

/* Begin PBXResourcesBuildPhase section */
		27FC08D72B50F10E003550DC /* Resources */ = {
			isa = PBXResourcesBuildPhase;
			buildActionMask = 2147483647;
			files = (
				27FC08E92B50F111003550DC /* LaunchScreen.storyboard in Resources */,
				27FC08E62B50F111003550DC /* Assets.xcassets in Resources */,
			);
			runOnlyForDeploymentPostprocessing = 0;
		};
/* End PBXResourcesBuildPhase section */

/* Begin PBXSourcesBuildPhase section */
		27FC08D52B50F10E003550DC /* Sources */ = {
			isa = PBXSourcesBuildPhase;
			buildActionMask = 2147483647;
			files = (
				27FC09012B50F831003550DC /* RMLocationViewController.swift in Sources */,
				27FC08FF2B50F80E003550DC /* RMCharacterViewController.swift in Sources */,
				27FC08FC2B50F741003550DC /* RMEpisode.swift in Sources */,
				27FC09032B50F849003550DC /* RMEpisodeViewController.swift in Sources */,
				27FC08E12B50F10E003550DC /* RMTabBarController.swift in Sources */,
				27FC08DD2B50F10E003550DC /* AppDelegate.swift in Sources */,
				27FC09052B50F86A003550DC /* RMSettingsViewController.swift in Sources */,
				27FC08FA2B50F733003550DC /* RMCharactor.swift in Sources */,
				27FC08DF2B50F10E003550DC /* SceneDelegate.swift in Sources */,
				27FC08F82B50F71E003550DC /* RMLocation.swift in Sources */,
			);
			runOnlyForDeploymentPostprocessing = 0;
		};
/* End PBXSourcesBuildPhase section */

/* Begin PBXVariantGroup section */
		27FC08E72B50F111003550DC /* LaunchScreen.storyboard */ = {
			isa = PBXVariantGroup;
			children = (
				27FC08E82B50F111003550DC /* Base */,
			);
			name = LaunchScreen.storyboard;
			sourceTree = "<group>";
		};
/* End PBXVariantGroup section */

/* Begin XCBuildConfiguration section */
		27FC08EB2B50F111003550DC /* Debug */ = {
			isa = XCBuildConfiguration;
			buildSettings = {
				ALWAYS_SEARCH_USER_PATHS = NO;
				CLANG_ANALYZER_NONNULL = YES;
				CLANG_ANALYZER_NUMBER_OBJECT_CONVERSION = YES_AGGRESSIVE;
				CLANG_CXX_LANGUAGE_STANDARD = "gnu++20";
				CLANG_ENABLE_MODULES = YES;
				CLANG_ENABLE_OBJC_ARC = YES;
				CLANG_ENABLE_OBJC_WEAK = YES;
				CLANG_WARN_BLOCK_CAPTURE_AUTORELEASING = YES;
				CLANG_WARN_BOOL_CONVERSION = YES;
				CLANG_WARN_COMMA = YES;
				CLANG_WARN_CONSTANT_CONVERSION = YES;
				CLANG_WARN_DEPRECATED_OBJC_IMPLEMENTATIONS = YES;
				CLANG_WARN_DIRECT_OBJC_ISA_USAGE = YES_ERROR;
				CLANG_WARN_DOCUMENTATION_COMMENTS = YES;
				CLANG_WARN_EMPTY_BODY = YES;
				CLANG_WARN_ENUM_CONVERSION = YES;
				CLANG_WARN_INFINITE_RECURSION = YES;
				CLANG_WARN_INT_CONVERSION = YES;
				CLANG_WARN_NON_LITERAL_NULL_CONVERSION = YES;
				CLANG_WARN_OBJC_IMPLICIT_RETAIN_SELF = YES;
				CLANG_WARN_OBJC_LITERAL_CONVERSION = YES;
				CLANG_WARN_OBJC_ROOT_CLASS = YES_ERROR;
				CLANG_WARN_QUOTED_INCLUDE_IN_FRAMEWORK_HEADER = YES;
				CLANG_WARN_RANGE_LOOP_ANALYSIS = YES;
				CLANG_WARN_STRICT_PROTOTYPES = YES;
				CLANG_WARN_SUSPICIOUS_MOVE = YES;
				CLANG_WARN_UNGUARDED_AVAILABILITY = YES_AGGRESSIVE;
				CLANG_WARN_UNREACHABLE_CODE = YES;
				CLANG_WARN__DUPLICATE_METHOD_MATCH = YES;
				COPY_PHASE_STRIP = NO;
				DEBUG_INFORMATION_FORMAT = dwarf;
				ENABLE_STRICT_OBJC_MSGSEND = YES;
				ENABLE_TESTABILITY = YES;
				GCC_C_LANGUAGE_STANDARD = gnu11;
				GCC_DYNAMIC_NO_PIC = NO;
				GCC_NO_COMMON_BLOCKS = YES;
				GCC_OPTIMIZATION_LEVEL = 0;
				GCC_PREPROCESSOR_DEFINITIONS = (
					"DEBUG=1",
					"$(inherited)",
				);
				GCC_WARN_64_TO_32_BIT_CONVERSION = YES;
				GCC_WARN_ABOUT_RETURN_TYPE = YES_ERROR;
				GCC_WARN_UNDECLARED_SELECTOR = YES;
				GCC_WARN_UNINITIALIZED_AUTOS = YES_AGGRESSIVE;
				GCC_WARN_UNUSED_FUNCTION = YES;
				GCC_WARN_UNUSED_VARIABLE = YES;
				IPHONEOS_DEPLOYMENT_TARGET = 16.4;
				MTL_ENABLE_DEBUG_INFO = INCLUDE_SOURCE;
				MTL_FAST_MATH = YES;
				ONLY_ACTIVE_ARCH = YES;
				SDKROOT = iphoneos;
				SWIFT_ACTIVE_COMPILATION_CONDITIONS = DEBUG;
				SWIFT_OPTIMIZATION_LEVEL = "-Onone";
			};
			name = Debug;
		};
		27FC08EC2B50F111003550DC /* Release */ = {
			isa = XCBuildConfiguration;
			buildSettings = {
				ALWAYS_SEARCH_USER_PATHS = NO;
				CLANG_ANALYZER_NONNULL = YES;
				CLANG_ANALYZER_NUMBER_OBJECT_CONVERSION = YES_AGGRESSIVE;
				CLANG_CXX_LANGUAGE_STANDARD = "gnu++20";
				CLANG_ENABLE_MODULES = YES;
				CLANG_ENABLE_OBJC_ARC = YES;
				CLANG_ENABLE_OBJC_WEAK = YES;
				CLANG_WARN_BLOCK_CAPTURE_AUTORELEASING = YES;
				CLANG_WARN_BOOL_CONVERSION = YES;
				CLANG_WARN_COMMA = YES;
				CLANG_WARN_CONSTANT_CONVERSION = YES;
				CLANG_WARN_DEPRECATED_OBJC_IMPLEMENTATIONS = YES;
				CLANG_WARN_DIRECT_OBJC_ISA_USAGE = YES_ERROR;
				CLANG_WARN_DOCUMENTATION_COMMENTS = YES;
				CLANG_WARN_EMPTY_BODY = YES;
				CLANG_WARN_ENUM_CONVERSION = YES;
				CLANG_WARN_INFINITE_RECURSION = YES;
				CLANG_WARN_INT_CONVERSION = YES;
				CLANG_WARN_NON_LITERAL_NULL_CONVERSION = YES;
				CLANG_WARN_OBJC_IMPLICIT_RETAIN_SELF = YES;
				CLANG_WARN_OBJC_LITERAL_CONVERSION = YES;
				CLANG_WARN_OBJC_ROOT_CLASS = YES_ERROR;
				CLANG_WARN_QUOTED_INCLUDE_IN_FRAMEWORK_HEADER = YES;
				CLANG_WARN_RANGE_LOOP_ANALYSIS = YES;
				CLANG_WARN_STRICT_PROTOTYPES = YES;
				CLANG_WARN_SUSPICIOUS_MOVE = YES;
				CLANG_WARN_UNGUARDED_AVAILABILITY = YES_AGGRESSIVE;
				CLANG_WARN_UNREACHABLE_CODE = YES;
				CLANG_WARN__DUPLICATE_METHOD_MATCH = YES;
				COPY_PHASE_STRIP = NO;
				DEBUG_INFORMATION_FORMAT = "dwarf-with-dsym";
				ENABLE_NS_ASSERTIONS = NO;
				ENABLE_STRICT_OBJC_MSGSEND = YES;
				GCC_C_LANGUAGE_STANDARD = gnu11;
				GCC_NO_COMMON_BLOCKS = YES;
				GCC_WARN_64_TO_32_BIT_CONVERSION = YES;
				GCC_WARN_ABOUT_RETURN_TYPE = YES_ERROR;
				GCC_WARN_UNDECLARED_SELECTOR = YES;
				GCC_WARN_UNINITIALIZED_AUTOS = YES_AGGRESSIVE;
				GCC_WARN_UNUSED_FUNCTION = YES;
				GCC_WARN_UNUSED_VARIABLE = YES;
				IPHONEOS_DEPLOYMENT_TARGET = 16.4;
				MTL_ENABLE_DEBUG_INFO = NO;
				MTL_FAST_MATH = YES;
				SDKROOT = iphoneos;
				SWIFT_COMPILATION_MODE = wholemodule;
				SWIFT_OPTIMIZATION_LEVEL = "-O";
				VALIDATE_PRODUCT = YES;
			};
			name = Release;
		};
		27FC08EE2B50F111003550DC /* Debug */ = {
			isa = XCBuildConfiguration;
			buildSettings = {
				ASSETCATALOG_COMPILER_APPICON_NAME = AppIcon;
				ASSETCATALOG_COMPILER_GLOBAL_ACCENT_COLOR_NAME = AccentColor;
				CODE_SIGN_STYLE = Automatic;
				CURRENT_PROJECT_VERSION = 1;
				GENERATE_INFOPLIST_FILE = YES;
				INFOPLIST_FILE = RickAndMorty/Info.plist;
				INFOPLIST_KEY_UIApplicationSupportsIndirectInputEvents = YES;
				INFOPLIST_KEY_UILaunchStoryboardName = LaunchScreen;
				INFOPLIST_KEY_UISupportedInterfaceOrientations_iPad = "UIInterfaceOrientationPortrait UIInterfaceOrientationPortraitUpsideDown UIInterfaceOrientationLandscapeLeft UIInterfaceOrientationLandscapeRight";
				INFOPLIST_KEY_UISupportedInterfaceOrientations_iPhone = "UIInterfaceOrientationPortrait UIInterfaceOrientationLandscapeLeft UIInterfaceOrientationLandscapeRight";
				LD_RUNPATH_SEARCH_PATHS = (
					"$(inherited)",
					"@executable_path/Frameworks",
				);
				MARKETING_VERSION = 1.0;
				PRODUCT_BUNDLE_IDENTIFIER = com.vinh.RickAndMorty;
				PRODUCT_NAME = "$(TARGET_NAME)";
				SWIFT_EMIT_LOC_STRINGS = YES;
				SWIFT_VERSION = 5.0;
				TARGETED_DEVICE_FAMILY = "1,2";
			};
			name = Debug;
		};
		27FC08EF2B50F111003550DC /* Release */ = {
			isa = XCBuildConfiguration;
			buildSettings = {
				ASSETCATALOG_COMPILER_APPICON_NAME = AppIcon;
				ASSETCATALOG_COMPILER_GLOBAL_ACCENT_COLOR_NAME = AccentColor;
				CODE_SIGN_STYLE = Automatic;
				CURRENT_PROJECT_VERSION = 1;
				GENERATE_INFOPLIST_FILE = YES;
				INFOPLIST_FILE = RickAndMorty/Info.plist;
				INFOPLIST_KEY_UIApplicationSupportsIndirectInputEvents = YES;
				INFOPLIST_KEY_UILaunchStoryboardName = LaunchScreen;
				INFOPLIST_KEY_UISupportedInterfaceOrientations_iPad = "UIInterfaceOrientationPortrait UIInterfaceOrientationPortraitUpsideDown UIInterfaceOrientationLandscapeLeft UIInterfaceOrientationLandscapeRight";
				INFOPLIST_KEY_UISupportedInterfaceOrientations_iPhone = "UIInterfaceOrientationPortrait UIInterfaceOrientationLandscapeLeft UIInterfaceOrientationLandscapeRight";
				LD_RUNPATH_SEARCH_PATHS = (
					"$(inherited)",
					"@executable_path/Frameworks",
				);
				MARKETING_VERSION = 1.0;
				PRODUCT_BUNDLE_IDENTIFIER = com.vinh.RickAndMorty;
				PRODUCT_NAME = "$(TARGET_NAME)";
				SWIFT_EMIT_LOC_STRINGS = YES;
				SWIFT_VERSION = 5.0;
				TARGETED_DEVICE_FAMILY = "1,2";
			};
			name = Release;
		};
/* End XCBuildConfiguration section */

/* Begin XCConfigurationList section */
		27FC08D42B50F10E003550DC /* Build configuration list for PBXProject "RickAndMorty" */ = {
			isa = XCConfigurationList;
			buildConfigurations = (
				27FC08EB2B50F111003550DC /* Debug */,
				27FC08EC2B50F111003550DC /* Release */,
			);
			defaultConfigurationIsVisible = 0;
			defaultConfigurationName = Release;
		};
		27FC08ED2B50F111003550DC /* Build configuration list for PBXNativeTarget "RickAndMorty" */ = {
			isa = XCConfigurationList;
			buildConfigurations = (
				27FC08EE2B50F111003550DC /* Debug */,
				27FC08EF2B50F111003550DC /* Release */,
			);
			defaultConfigurationIsVisible = 0;
			defaultConfigurationName = Release;
		};
/* End XCConfigurationList section */
	};
	rootObject = 27FC08D12B50F10E003550DC /* Project object */;
}
